// !$*UTF8*$!
{
	archiveVersion = 1;
	classes = {
	};
	objectVersion = 46;
	objects = {

/* Begin PBXBuildFile section */
		9268FC641C20664B00E08A7A /* AppDelegate.swift in Sources */ = {isa = PBXBuildFile; fileRef = 9268FC631C20664B00E08A7A /* AppDelegate.swift */; };
		9268FC661C20664B00E08A7A /* ViewController.swift in Sources */ = {isa = PBXBuildFile; fileRef = 9268FC651C20664B00E08A7A /* ViewController.swift */; };
		9268FC691C20664B00E08A7A /* Main.storyboard in Resources */ = {isa = PBXBuildFile; fileRef = 9268FC671C20664B00E08A7A /* Main.storyboard */; };
		9268FC6B1C20664B00E08A7A /* Assets.xcassets in Resources */ = {isa = PBXBuildFile; fileRef = 9268FC6A1C20664B00E08A7A /* Assets.xcassets */; };
		9268FC6E1C20664B00E08A7A /* LaunchScreen.storyboard in Resources */ = {isa = PBXBuildFile; fileRef = 9268FC6C1C20664B00E08A7A /* LaunchScreen.storyboard */; };
		9268FC7A1C20669000E08A7A /* bite.wav in Resources */ = {isa = PBXBuildFile; fileRef = 9268FC751C20669000E08A7A /* bite.wav */; };
		9268FC7B1C20669000E08A7A /* death.wav in Resources */ = {isa = PBXBuildFile; fileRef = 9268FC761C20669000E08A7A /* death.wav */; };
		9268FC7C1C20669000E08A7A /* heart.wav in Resources */ = {isa = PBXBuildFile; fileRef = 9268FC771C20669000E08A7A /* heart.wav */; };
		9268FC7D1C20669000E08A7A /* skull.wav in Resources */ = {isa = PBXBuildFile; fileRef = 9268FC781C20669000E08A7A /* skull.wav */; };
		9268FC7E1C20669000E08A7A /* cave-music.mp3 in Resources */ = {isa = PBXBuildFile; fileRef = 9268FC791C20669000E08A7A /* cave-music.mp3 */; };
/* End PBXBuildFile section */

/* Begin PBXFileReference section */
		9268FC601C20664B00E08A7A /* my-little-monster.app */ = {isa = PBXFileReference; explicitFileType = wrapper.application; includeInIndex = 0; path = "my-little-monster.app"; sourceTree = BUILT_PRODUCTS_DIR; };
		9268FC631C20664B00E08A7A /* AppDelegate.swift */ = {isa = PBXFileReference; lastKnownFileType = sourcecode.swift; path = AppDelegate.swift; sourceTree = "<group>"; };
		9268FC651C20664B00E08A7A /* ViewController.swift */ = {isa = PBXFileReference; lastKnownFileType = sourcecode.swift; path = ViewController.swift; sourceTree = "<group>"; };
		9268FC681C20664B00E08A7A /* Base */ = {isa = PBXFileReference; lastKnownFileType = file.storyboard; name = Base; path = Base.lproj/Main.storyboard; sourceTree = "<group>"; };
		9268FC6A1C20664B00E08A7A /* Assets.xcassets */ = {isa = PBXFileReference; lastKnownFileType = folder.assetcatalog; path = Assets.xcassets; sourceTree = "<group>"; };
		9268FC6D1C20664B00E08A7A /* Base */ = {isa = PBXFileReference; lastKnownFileType = file.storyboard; name = Base; path = Base.lproj/LaunchScreen.storyboard; sourceTree = "<group>"; };
		9268FC6F1C20664B00E08A7A /* Info.plist */ = {isa = PBXFileReference; lastKnownFileType = text.plist.xml; path = Info.plist; sourceTree = "<group>"; };
		9268FC751C20669000E08A7A /* bite.wav */ = {isa = PBXFileReference; lastKnownFileType = audio.wav; path = bite.wav; sourceTree = "<group>"; };
		9268FC761C20669000E08A7A /* death.wav */ = {isa = PBXFileReference; lastKnownFileType = audio.wav; path = death.wav; sourceTree = "<group>"; };
		9268FC771C20669000E08A7A /* heart.wav */ = {isa = PBXFileReference; lastKnownFileType = audio.wav; path = heart.wav; sourceTree = "<group>"; };
		9268FC781C20669000E08A7A /* skull.wav */ = {isa = PBXFileReference; lastKnownFileType = audio.wav; path = skull.wav; sourceTree = "<group>"; };
		9268FC791C20669000E08A7A /* cave-music.mp3 */ = {isa = PBXFileReference; lastKnownFileType = audio.mp3; path = "cave-music.mp3"; sourceTree = "<group>"; };
/* End PBXFileReference section */

/* Begin PBXFrameworksBuildPhase section */
		9268FC5D1C20664B00E08A7A /* Frameworks */ = {
			isa = PBXFrameworksBuildPhase;
			buildActionMask = 2147483647;
			files = (
			);
			runOnlyForDeploymentPostprocessing = 0;
		};
/* End PBXFrameworksBuildPhase section */

/* Begin PBXGroup section */
		9268FC571C20664B00E08A7A = {
			isa = PBXGroup;
			children = (
				9268FC621C20664B00E08A7A /* my-little-monster */,
				9268FC611C20664B00E08A7A /* Products */,
			);
			sourceTree = "<group>";
		};
		9268FC611C20664B00E08A7A /* Products */ = {
			isa = PBXGroup;
			children = (
				9268FC601C20664B00E08A7A /* my-little-monster.app */,
			);
			name = Products;
			sourceTree = "<group>";
		};
		9268FC621C20664B00E08A7A /* my-little-monster */ = {
			isa = PBXGroup;
			children = (
				9268FC651C20664B00E08A7A /* ViewController.swift */,
				9268FC671C20664B00E08A7A /* Main.storyboard */,
				9268FC6C1C20664B00E08A7A /* LaunchScreen.storyboard */,
				9268FC7F1C20669C00E08A7A /* Support Files */,
			);
			path = "my-little-monster";
			sourceTree = "<group>";
		};
		9268FC7F1C20669C00E08A7A /* Support Files */ = {
			isa = PBXGroup;
			children = (
				9268FC631C20664B00E08A7A /* AppDelegate.swift */,
				9268FC6A1C20664B00E08A7A /* Assets.xcassets */,
				9268FC6F1C20664B00E08A7A /* Info.plist */,
				9268FC751C20669000E08A7A /* bite.wav */,
				9268FC761C20669000E08A7A /* death.wav */,
				9268FC771C20669000E08A7A /* heart.wav */,
				9268FC781C20669000E08A7A /* skull.wav */,
				9268FC791C20669000E08A7A /* cave-music.mp3 */,
			);
			name = "Support Files";
			sourceTree = "<group>";
		};
/* End PBXGroup section */

/* Begin PBXNativeTarget section */
		9268FC5F1C20664B00E08A7A /* my-little-monster */ = {
			isa = PBXNativeTarget;
			buildConfigurationList = 9268FC721C20664B00E08A7A /* Build configuration list for PBXNativeTarget "my-little-monster" */;
			buildPhases = (
				9268FC5C1C20664B00E08A7A /* Sources */,
				9268FC5D1C20664B00E08A7A /* Frameworks */,
				9268FC5E1C20664B00E08A7A /* Resources */,
			);
			buildRules = (
			);
			dependencies = (
			);
			name = "my-little-monster";
			productName = "my-little-monster";
			productReference = 9268FC601C20664B00E08A7A /* my-little-monster.app */;
			productType = "com.apple.product-type.application";
		};
/* End PBXNativeTarget section */

/* Begin PBXProject section */
		9268FC581C20664B00E08A7A /* Project object */ = {
			isa = PBXProject;
			attributes = {
				LastSwiftUpdateCheck = 0720;
				LastUpgradeCheck = 0720;
				ORGANIZATIONNAME = FaceCat;
				TargetAttributes = {
					9268FC5F1C20664B00E08A7A = {
						CreatedOnToolsVersion = 7.2;
						DevelopmentTeam = ZC6JT4NBEH;
					};
				};
			};
			buildConfigurationList = 9268FC5B1C20664B00E08A7A /* Build configuration list for PBXProject "my-little-monster" */;
			compatibilityVersion = "Xcode 3.2";
			developmentRegion = English;
			hasScannedForEncodings = 0;
			knownRegions = (
				en,
				Base,
			);
			mainGroup = 9268FC571C20664B00E08A7A;
			productRefGroup = 9268FC611C20664B00E08A7A /* Products */;
			projectDirPath = "";
			projectRoot = "";
			targets = (
				9268FC5F1C20664B00E08A7A /* my-little-monster */,
			);
		};
/* End PBXProject section */

/* Begin PBXResourcesBuildPhase section */
		9268FC5E1C20664B00E08A7A /* Resources */ = {
			isa = PBXResourcesBuildPhase;
			buildActionMask = 2147483647;
			files = (
				9268FC7B1C20669000E08A7A /* death.wav in Resources */,
				9268FC7E1C20669000E08A7A /* cave-music.mp3 in Resources */,
				9268FC7C1C20669000E08A7A /* heart.wav in Resources */,
				9268FC7D1C20669000E08A7A /* skull.wav in Resources */,
				9268FC7A1C20669000E08A7A /* bite.wav in Resources */,
				9268FC6E1C20664B00E08A7A /* LaunchScreen.storyboard in Resources */,
				9268FC6B1C20664B00E08A7A /* Assets.xcassets in Resources */,
				9268FC691C20664B00E08A7A /* Main.storyboard in Resources */,
			);
			runOnlyForDeploymentPostprocessing = 0;
		};
/* End PBXResourcesBuildPhase section */

/* Begin PBXSourcesBuildPhase section */
		9268FC5C1C20664B00E08A7A /* Sources */ = {
			isa = PBXSourcesBuildPhase;
			buildActionMask = 2147483647;
			files = (
				9268FC661C20664B00E08A7A /* ViewController.swift in Sources */,
				9268FC641C20664B00E08A7A /* AppDelegate.swift in Sources */,
			);
			runOnlyForDeploymentPostprocessing = 0;
		};
/* End PBXSourcesBuildPhase section */

/* Begin PBXVariantGroup section */
		9268FC671C20664B00E08A7A /* Main.storyboard */ = {
			isa = PBXVariantGroup;
			children = (
				9268FC681C20664B00E08A7A /* Base */,
			);
			name = Main.storyboard;
			sourceTree = "<group>";
		};
		9268FC6C1C20664B00E08A7A /* LaunchScreen.storyboard */ = {
			isa = PBXVariantGroup;
			children = (
				9268FC6D1C20664B00E08A7A /* Base */,
			);
			name = LaunchScreen.storyboard;
			sourceTree = "<group>";
		};
/* End PBXVariantGroup section */

/* Begin XCBuildConfiguration section */
		9268FC701C20664B00E08A7A /* Debug */ = {
			isa = XCBuildConfiguration;
			buildSettings = {
				ALWAYS_SEARCH_USER_PATHS = NO;
				CLANG_CXX_LANGUAGE_STANDARD = "gnu++0x";
				CLANG_CXX_LIBRARY = "libc++";
				CLANG_ENABLE_MODULES = YES;
				CLANG_ENABLE_OBJC_ARC = YES;
				CLANG_WARN_BOOL_CONVERSION = YES;
				CLANG_WARN_CONSTANT_CONVERSION = YES;
				CLANG_WARN_DIRECT_OBJC_ISA_USAGE = YES_ERROR;
				CLANG_WARN_EMPTY_BODY = YES;
				CLANG_WARN_ENUM_CONVERSION = YES;
				CLANG_WARN_INT_CONVERSION = YES;
				CLANG_WARN_OBJC_ROOT_CLASS = YES_ERROR;
				CLANG_WARN_UNREACHABLE_CODE = YES;
				CLANG_WARN__DUPLICATE_METHOD_MATCH = YES;
				"CODE_SIGN_IDENTITY[sdk=iphoneos*]" = "iPhone Developer";
				COPY_PHASE_STRIP = NO;
				DEBUG_INFORMATION_FORMAT = dwarf;
				ENABLE_STRICT_OBJC_MSGSEND = YES;
				ENABLE_TESTABILITY = YES;
				GCC_C_LANGUAGE_STANDARD = gnu99;
				GCC_DYNAMIC_NO_PIC = NO;
				GCC_NO_COMMON_BLOCKS = YES;
				GCC_OPTIMIZATION_LEVEL = 0;
				GCC_PREPROCESSOR_DEFINITIONS = (
					"DEBUG=1",
					"$(inherited)",
				);
				GCC_WARN_64_TO_32_BIT_CONVERSION = YES;
				GCC_WARN_ABOUT_RETURN_TYPE = YES_ERROR;
				GCC_WARN_UNDECLARED_SELECTOR = YES;
				GCC_WARN_UNINITIALIZED_AUTOS = YES_AGGRESSIVE;
				GCC_WARN_UNUSED_FUNCTION = YES;
				GCC_WARN_UNUSED_VARIABLE = YES;
				IPHONEOS_DEPLOYMENT_TARGET = 9.2;
				MTL_ENABLE_DEBUG_INFO = YES;
				ONLY_ACTIVE_ARCH = YES;
				SDKROOT = iphoneos;
				SWIFT_OPTIMIZATION_LEVEL = "-Onone";
			};
			name = Debug;
		};
		9268FC711C20664B00E08A7A /* Release */ = {
			isa = XCBuildConfiguration;
			buildSettings = {
				ALWAYS_SEARCH_USER_PATHS = NO;
				CLANG_CXX_LANGUAGE_STANDARD = "gnu++0x";
				CLANG_CXX_LIBRARY = "libc++";
				CLANG_ENABLE_MODULES = YES;
				CLANG_ENABLE_OBJC_ARC = YES;
				CLANG_WARN_BOOL_CONVERSION = YES;
				CLANG_WARN_CONSTANT_CONVERSION = YES;
				CLANG_WARN_DIRECT_OBJC_ISA_USAGE = YES_ERROR;
				CLANG_WARN_EMPTY_BODY = YES;
				CLANG_WARN_ENUM_CONVERSION = YES;
				CLANG_WARN_INT_CONVERSION = YES;
				CLANG_WARN_OBJC_ROOT_CLASS = YES_ERROR;
				CLANG_WARN_UNREACHABLE_CODE = YES;
				CLANG_WARN__DUPLICATE_METHOD_MATCH = YES;
				"CODE_SIGN_IDENTITY[sdk=iphoneos*]" = "iPhone Developer";
				COPY_PHASE_STRIP = NO;
				DEBUG_INFORMATION_FORMAT = "dwarf-with-dsym";
				ENABLE_NS_ASSERTIONS = NO;
				ENABLE_STRICT_OBJC_MSGSEND = YES;
				GCC_C_LANGUAGE_STANDARD = gnu99;
				GCC_NO_COMMON_BLOCKS = YES;
				GCC_WARN_64_TO_32_BIT_CONVERSION = YES;
				GCC_WARN_ABOUT_RETURN_TYPE = YES_ERROR;
				GCC_WARN_UNDECLARED_SELECTOR = YES;
				GCC_WARN_UNINITIALIZED_AUTOS = YES_AGGRESSIVE;
				GCC_WARN_UNUSED_FUNCTION = YES;
				GCC_WARN_UNUSED_VARIABLE = YES;
				IPHONEOS_DEPLOYMENT_TARGET = 9.2;
				MTL_ENABLE_DEBUG_INFO = NO;
				SDKROOT = iphoneos;
				VALIDATE_PRODUCT = YES;
			};
			name = Release;
		};
		9268FC731C20664B00E08A7A /* Debug */ = {
			isa = XCBuildConfiguration;
			buildSettings = {
				ASSETCATALOG_COMPILER_APPICON_NAME = AppIcon;
				INFOPLIST_FILE = "my-little-monster/Info.plist";
				LD_RUNPATH_SEARCH_PATHS = "$(inherited) @executable_path/Frameworks";
				PRODUCT_BUNDLE_IDENTIFIER = "com.FaceCat.my-little-monster";
				PRODUCT_NAME = "$(TARGET_NAME)";
			};
			name = Debug;
		};
		9268FC741C20664B00E08A7A /* Release */ = {
			isa = XCBuildConfiguration;
			buildSettings = {
				ASSETCATALOG_COMPILER_APPICON_NAME = AppIcon;
				INFOPLIST_FILE = "my-little-monster/Info.plist";
				LD_RUNPATH_SEARCH_PATHS = "$(inherited) @executable_path/Frameworks";
				PRODUCT_BUNDLE_IDENTIFIER = "com.FaceCat.my-little-monster";
				PRODUCT_NAME = "$(TARGET_NAME)";
			};
			name = Release;
		};
/* End XCBuildConfiguration section */

/* Begin XCConfigurationList section */
		9268FC5B1C20664B00E08A7A /* Build configuration list for PBXProject "my-little-monster" */ = {
			isa = XCConfigurationList;
			buildConfigurations = (
				9268FC701C20664B00E08A7A /* Debug */,
				9268FC711C20664B00E08A7A /* Release */,
			);
			defaultConfigurationIsVisible = 0;
			defaultConfigurationName = Release;
		};
		9268FC721C20664B00E08A7A /* Build configuration list for PBXNativeTarget "my-little-monster" */ = {
			isa = XCConfigurationList;
			buildConfigurations = (
				9268FC731C20664B00E08A7A /* Debug */,
				9268FC741C20664B00E08A7A /* Release */,
			);
			defaultConfigurationIsVisible = 0;
		};
/* End XCConfigurationList section */
	};
	rootObject = 9268FC581C20664B00E08A7A /* Project object */;
}
